
Microsoft Visual Studio Solution File, Format Version 12.00
# Visual Studio 15
VisualStudioVersion = 15.0.28010.2050
MinimumVisualStudioVersion = 10.0.40219.1
Project("{FAE04EC0-301F-11D3-BF4B-00C04F79EFBC}") = "Day1", "Day1\Day1.csproj", "{80087B97-F816-495C-A1DA-A12C7C513CA9}"
EndProject
Project("{FAE04EC0-301F-11D3-BF4B-00C04F79EFBC}") = "Day2", "Day2\Day2.csproj", "{3F3E11F0-18E9-41A0-999F-2D840AFBB322}"
EndProject
Global
	GlobalSection(SolutionConfigurationPlatforms) = preSolution
		Debug|Any CPU = Debug|Any CPU
		Release|Any CPU = Release|Any CPU
	EndGlobalSection
	GlobalSection(ProjectConfigurationPlatforms) = postSolution
		{80087B97-F816-495C-A1DA-A12C7C513CA9}.Debug|Any CPU.ActiveCfg = Debug|Any CPU
		{80087B97-F816-495C-A1DA-A12C7C513CA9}.Debug|Any CPU.Build.0 = Debug|Any CPU
		{80087B97-F816-495C-A1DA-A12C7C513CA9}.Release|Any CPU.ActiveCfg = Release|Any CPU
		{80087B97-F816-495C-A1DA-A12C7C513CA9}.Release|Any CPU.Build.0 = Release|Any CPU
		{3F3E11F0-18E9-41A0-999F-2D840AFBB322}.Debug|Any CPU.ActiveCfg = Debug|Any CPU
		{3F3E11F0-18E9-41A0-999F-2D840AFBB322}.Debug|Any CPU.Build.0 = Debug|Any CPU
		{3F3E11F0-18E9-41A0-999F-2D840AFBB322}.Release|Any CPU.ActiveCfg = Release|Any CPU
		{3F3E11F0-18E9-41A0-999F-2D840AFBB322}.Release|Any CPU.Build.0 = Release|Any CPU
	EndGlobalSection
	GlobalSection(SolutionProperties) = preSolution
		HideSolutionNode = FALSE
	EndGlobalSection
	GlobalSection(ExtensibilityGlobals) = postSolution
		SolutionGuid = {65EC2F43-6FD5-4038-9F33-94EEB74D6904}
	EndGlobalSection
EndGlobal
