
Microsoft Visual Studio Solution File, Format Version 12.00
# Visual Studio 15
VisualStudioVersion = 15.0.28010.2050
MinimumVisualStudioVersion = 10.0.40219.1
Project("{9A19103F-16F7-4668-BE54-9A1E7A4F7556}") = "Day1", "Day1\Day1.csproj", "{80087B97-F816-495C-A1DA-A12C7C513CA9}"
EndProject
Project("{9A19103F-16F7-4668-BE54-9A1E7A4F7556}") = "Day2", "Day2\Day2.csproj", "{3F3E11F0-18E9-41A0-999F-2D840AFBB322}"
EndProject
Project("{9A19103F-16F7-4668-BE54-9A1E7A4F7556}") = "Day3", "Day3\Day3.csproj", "{F47909E8-D5CA-4C4B-B44D-6542B371D5E8}"
EndProject
Project("{9A19103F-16F7-4668-BE54-9A1E7A4F7556}") = "Day4", "Day4\Day4.csproj", "{1E1AE40C-4A0C-4B39-A170-7127DB1E0056}"
EndProject
Project("{9A19103F-16F7-4668-BE54-9A1E7A4F7556}") = "Day5", "Day5\Day5.csproj", "{CB3C5786-0A23-496E-82F1-9DDDB42F94C3}"
EndProject
Project("{2150E333-8FDC-42A3-9474-1A3956D46DE8}") = "Solution Items", "Solution Items", "{A7AD26E1-3B70-4FBA-944E-0F5C484A5F29}"
	ProjectSection(SolutionItems) = preProject
		README.md = README.md
	EndProjectSection
EndProject
Project("{9A19103F-16F7-4668-BE54-9A1E7A4F7556}") = "Day6", "Day6\Day6.csproj", "{CD99782A-9AD9-48DA-A434-49B947A0F1BD}"
EndProject
Project("{9A19103F-16F7-4668-BE54-9A1E7A4F7556}") = "Day7", "Day7\Day7.csproj", "{D6E15EB4-AC82-4B9F-B405-9C2EF3C47576}"
EndProject
Project("{9A19103F-16F7-4668-BE54-9A1E7A4F7556}") = "Day8", "Day8\Day8.csproj", "{1C25C6C5-64EA-468B-B3AA-CA8C2C4A6787}"
EndProject
Project("{9A19103F-16F7-4668-BE54-9A1E7A4F7556}") = "Day9", "Day9\Day9.csproj", "{AF9051F3-55B7-4861-ACEE-5FD34BCF58F8}"
EndProject
Project("{9A19103F-16F7-4668-BE54-9A1E7A4F7556}") = "Day10", "Day10\Day10.csproj", "{F5EE348D-D0CD-4A72-9942-8CA66E337D40}"
EndProject
Project("{9A19103F-16F7-4668-BE54-9A1E7A4F7556}") = "Day11", "Day11\Day11.csproj", "{5234D71C-0002-46BB-8DCD-663362D33356}"
EndProject
Project("{9A19103F-16F7-4668-BE54-9A1E7A4F7556}") = "Day12", "Day12\Day12.csproj", "{BB14124F-C10E-4D46-A5A9-A05C56DBA05C}"
EndProject
Project("{9A19103F-16F7-4668-BE54-9A1E7A4F7556}") = "Day13", "Day13\Day13.csproj", "{061B2237-195D-43CC-9FA1-2231661E4502}"
EndProject
Project("{9A19103F-16F7-4668-BE54-9A1E7A4F7556}") = "Day14", "Day14\Day14.csproj", "{AA67327D-4811-43FF-992C-93FBE2F0D281}"
EndProject
Project("{9A19103F-16F7-4668-BE54-9A1E7A4F7556}") = "Day15", "Day15\Day15.csproj", "{923C977B-F3E0-4252-98C2-163C03A517B4}"
EndProject
Project("{9A19103F-16F7-4668-BE54-9A1E7A4F7556}") = "Day16", "Day16\Day16.csproj", "{1C015A3D-5686-418A-B459-606C8926DFD0}"
EndProject
Project("{6EC3EE1D-3C4E-46DD-8F32-0CC8E7565705}") = "Day16_FSharp", "Day16\Day16_FSharp\Day16_FSharp.fsproj", "{FEE52F89-9F14-4F60-A55A-682071817A93}"
EndProject
Project("{9A19103F-16F7-4668-BE54-9A1E7A4F7556}") = "Day17", "Day17\Day17.csproj", "{97BF7474-A2F3-47F8-BB18-31B0F398764B}"
EndProject
Project("{9A19103F-16F7-4668-BE54-9A1E7A4F7556}") = "Day18", "Day18\Day18.csproj", "{0AFA2B6E-9E29-46C4-B179-C9A43892B603}"
EndProject
Project("{9A19103F-16F7-4668-BE54-9A1E7A4F7556}") = "Day19", "Day19\Day19.csproj", "{A6AE84FF-9DF2-4C5F-9FFD-A29CDC5C3AD7}"
EndProject
Project("{9A19103F-16F7-4668-BE54-9A1E7A4F7556}") = "Day20", "Day20\Day20.csproj", "{A22D1AD4-BC57-4EC9-9181-27F02DFDDD27}"
EndProject
Project("{9A19103F-16F7-4668-BE54-9A1E7A4F7556}") = "Day21", "Day21\Day21.csproj", "{A8FDF473-2138-4477-A7B6-9B71410958C5}"
EndProject
Project("{FAE04EC0-301F-11D3-BF4B-00C04F79EFBC}") = "Day22", "Day22\Day22.csproj", "{FE270F61-0066-470E-946A-0CC45F09FA2E}"
EndProject
Project("{FAE04EC0-301F-11D3-BF4B-00C04F79EFBC}") = "Day23", "Day23\Day23.csproj", "{58CE1C09-7DED-48DA-8368-85361D583BB7}"
EndProject
Project("{FAE04EC0-301F-11D3-BF4B-00C04F79EFBC}") = "Day24", "Day24\Day24.csproj", "{AB0EFCB3-302C-4215-8076-E85D0C243DEF}"
EndProject
Project("{FAE04EC0-301F-11D3-BF4B-00C04F79EFBC}") = "Day25", "Day25\Day25.csproj", "{95340D7F-5A1C-4618-92DA-0D9D46CB899F}"
EndProject
Global
	GlobalSection(SolutionConfigurationPlatforms) = preSolution
		Debug|Any CPU = Debug|Any CPU
		Release|Any CPU = Release|Any CPU
	EndGlobalSection
	GlobalSection(ProjectConfigurationPlatforms) = postSolution
		{80087B97-F816-495C-A1DA-A12C7C513CA9}.Debug|Any CPU.ActiveCfg = Debug|Any CPU
		{80087B97-F816-495C-A1DA-A12C7C513CA9}.Debug|Any CPU.Build.0 = Debug|Any CPU
		{80087B97-F816-495C-A1DA-A12C7C513CA9}.Release|Any CPU.ActiveCfg = Release|Any CPU
		{80087B97-F816-495C-A1DA-A12C7C513CA9}.Release|Any CPU.Build.0 = Release|Any CPU
		{3F3E11F0-18E9-41A0-999F-2D840AFBB322}.Debug|Any CPU.ActiveCfg = Debug|Any CPU
		{3F3E11F0-18E9-41A0-999F-2D840AFBB322}.Debug|Any CPU.Build.0 = Debug|Any CPU
		{3F3E11F0-18E9-41A0-999F-2D840AFBB322}.Release|Any CPU.ActiveCfg = Release|Any CPU
		{3F3E11F0-18E9-41A0-999F-2D840AFBB322}.Release|Any CPU.Build.0 = Release|Any CPU
		{F47909E8-D5CA-4C4B-B44D-6542B371D5E8}.Debug|Any CPU.ActiveCfg = Debug|Any CPU
		{F47909E8-D5CA-4C4B-B44D-6542B371D5E8}.Debug|Any CPU.Build.0 = Debug|Any CPU
		{F47909E8-D5CA-4C4B-B44D-6542B371D5E8}.Release|Any CPU.ActiveCfg = Release|Any CPU
		{F47909E8-D5CA-4C4B-B44D-6542B371D5E8}.Release|Any CPU.Build.0 = Release|Any CPU
		{1E1AE40C-4A0C-4B39-A170-7127DB1E0056}.Debug|Any CPU.ActiveCfg = Debug|Any CPU
		{1E1AE40C-4A0C-4B39-A170-7127DB1E0056}.Debug|Any CPU.Build.0 = Debug|Any CPU
		{1E1AE40C-4A0C-4B39-A170-7127DB1E0056}.Release|Any CPU.ActiveCfg = Release|Any CPU
		{1E1AE40C-4A0C-4B39-A170-7127DB1E0056}.Release|Any CPU.Build.0 = Release|Any CPU
		{CB3C5786-0A23-496E-82F1-9DDDB42F94C3}.Debug|Any CPU.ActiveCfg = Debug|Any CPU
		{CB3C5786-0A23-496E-82F1-9DDDB42F94C3}.Debug|Any CPU.Build.0 = Debug|Any CPU
		{CB3C5786-0A23-496E-82F1-9DDDB42F94C3}.Release|Any CPU.ActiveCfg = Release|Any CPU
		{CB3C5786-0A23-496E-82F1-9DDDB42F94C3}.Release|Any CPU.Build.0 = Release|Any CPU
		{CD99782A-9AD9-48DA-A434-49B947A0F1BD}.Debug|Any CPU.ActiveCfg = Debug|Any CPU
		{CD99782A-9AD9-48DA-A434-49B947A0F1BD}.Debug|Any CPU.Build.0 = Debug|Any CPU
		{CD99782A-9AD9-48DA-A434-49B947A0F1BD}.Release|Any CPU.ActiveCfg = Release|Any CPU
		{CD99782A-9AD9-48DA-A434-49B947A0F1BD}.Release|Any CPU.Build.0 = Release|Any CPU
		{D6E15EB4-AC82-4B9F-B405-9C2EF3C47576}.Debug|Any CPU.ActiveCfg = Debug|Any CPU
		{D6E15EB4-AC82-4B9F-B405-9C2EF3C47576}.Debug|Any CPU.Build.0 = Debug|Any CPU
		{D6E15EB4-AC82-4B9F-B405-9C2EF3C47576}.Release|Any CPU.ActiveCfg = Release|Any CPU
		{D6E15EB4-AC82-4B9F-B405-9C2EF3C47576}.Release|Any CPU.Build.0 = Release|Any CPU
		{1C25C6C5-64EA-468B-B3AA-CA8C2C4A6787}.Debug|Any CPU.ActiveCfg = Debug|Any CPU
		{1C25C6C5-64EA-468B-B3AA-CA8C2C4A6787}.Debug|Any CPU.Build.0 = Debug|Any CPU
		{1C25C6C5-64EA-468B-B3AA-CA8C2C4A6787}.Release|Any CPU.ActiveCfg = Release|Any CPU
		{1C25C6C5-64EA-468B-B3AA-CA8C2C4A6787}.Release|Any CPU.Build.0 = Release|Any CPU
		{AF9051F3-55B7-4861-ACEE-5FD34BCF58F8}.Debug|Any CPU.ActiveCfg = Debug|Any CPU
		{AF9051F3-55B7-4861-ACEE-5FD34BCF58F8}.Debug|Any CPU.Build.0 = Debug|Any CPU
		{AF9051F3-55B7-4861-ACEE-5FD34BCF58F8}.Release|Any CPU.ActiveCfg = Release|Any CPU
		{AF9051F3-55B7-4861-ACEE-5FD34BCF58F8}.Release|Any CPU.Build.0 = Release|Any CPU
		{F5EE348D-D0CD-4A72-9942-8CA66E337D40}.Debug|Any CPU.ActiveCfg = Debug|Any CPU
		{F5EE348D-D0CD-4A72-9942-8CA66E337D40}.Debug|Any CPU.Build.0 = Debug|Any CPU
		{F5EE348D-D0CD-4A72-9942-8CA66E337D40}.Release|Any CPU.ActiveCfg = Release|Any CPU
		{F5EE348D-D0CD-4A72-9942-8CA66E337D40}.Release|Any CPU.Build.0 = Release|Any CPU
		{5234D71C-0002-46BB-8DCD-663362D33356}.Debug|Any CPU.ActiveCfg = Debug|Any CPU
		{5234D71C-0002-46BB-8DCD-663362D33356}.Debug|Any CPU.Build.0 = Debug|Any CPU
		{5234D71C-0002-46BB-8DCD-663362D33356}.Release|Any CPU.ActiveCfg = Release|Any CPU
		{5234D71C-0002-46BB-8DCD-663362D33356}.Release|Any CPU.Build.0 = Release|Any CPU
		{BB14124F-C10E-4D46-A5A9-A05C56DBA05C}.Debug|Any CPU.ActiveCfg = Debug|Any CPU
		{BB14124F-C10E-4D46-A5A9-A05C56DBA05C}.Debug|Any CPU.Build.0 = Debug|Any CPU
		{BB14124F-C10E-4D46-A5A9-A05C56DBA05C}.Release|Any CPU.ActiveCfg = Release|Any CPU
		{BB14124F-C10E-4D46-A5A9-A05C56DBA05C}.Release|Any CPU.Build.0 = Release|Any CPU
		{061B2237-195D-43CC-9FA1-2231661E4502}.Debug|Any CPU.ActiveCfg = Debug|Any CPU
		{061B2237-195D-43CC-9FA1-2231661E4502}.Debug|Any CPU.Build.0 = Debug|Any CPU
		{061B2237-195D-43CC-9FA1-2231661E4502}.Release|Any CPU.ActiveCfg = Release|Any CPU
		{061B2237-195D-43CC-9FA1-2231661E4502}.Release|Any CPU.Build.0 = Release|Any CPU
		{AA67327D-4811-43FF-992C-93FBE2F0D281}.Debug|Any CPU.ActiveCfg = Debug|Any CPU
		{AA67327D-4811-43FF-992C-93FBE2F0D281}.Debug|Any CPU.Build.0 = Debug|Any CPU
		{AA67327D-4811-43FF-992C-93FBE2F0D281}.Release|Any CPU.ActiveCfg = Release|Any CPU
		{AA67327D-4811-43FF-992C-93FBE2F0D281}.Release|Any CPU.Build.0 = Release|Any CPU
		{923C977B-F3E0-4252-98C2-163C03A517B4}.Debug|Any CPU.ActiveCfg = Debug|Any CPU
		{923C977B-F3E0-4252-98C2-163C03A517B4}.Debug|Any CPU.Build.0 = Debug|Any CPU
		{923C977B-F3E0-4252-98C2-163C03A517B4}.Release|Any CPU.ActiveCfg = Release|Any CPU
		{923C977B-F3E0-4252-98C2-163C03A517B4}.Release|Any CPU.Build.0 = Release|Any CPU
		{1C015A3D-5686-418A-B459-606C8926DFD0}.Debug|Any CPU.ActiveCfg = Debug|Any CPU
		{1C015A3D-5686-418A-B459-606C8926DFD0}.Debug|Any CPU.Build.0 = Debug|Any CPU
		{1C015A3D-5686-418A-B459-606C8926DFD0}.Release|Any CPU.ActiveCfg = Release|Any CPU
		{1C015A3D-5686-418A-B459-606C8926DFD0}.Release|Any CPU.Build.0 = Release|Any CPU
		{FEE52F89-9F14-4F60-A55A-682071817A93}.Debug|Any CPU.ActiveCfg = Debug|Any CPU
		{FEE52F89-9F14-4F60-A55A-682071817A93}.Debug|Any CPU.Build.0 = Debug|Any CPU
		{FEE52F89-9F14-4F60-A55A-682071817A93}.Release|Any CPU.ActiveCfg = Release|Any CPU
		{FEE52F89-9F14-4F60-A55A-682071817A93}.Release|Any CPU.Build.0 = Release|Any CPU
		{97BF7474-A2F3-47F8-BB18-31B0F398764B}.Debug|Any CPU.ActiveCfg = Debug|Any CPU
		{97BF7474-A2F3-47F8-BB18-31B0F398764B}.Debug|Any CPU.Build.0 = Debug|Any CPU
		{97BF7474-A2F3-47F8-BB18-31B0F398764B}.Release|Any CPU.ActiveCfg = Release|Any CPU
		{97BF7474-A2F3-47F8-BB18-31B0F398764B}.Release|Any CPU.Build.0 = Release|Any CPU
		{0AFA2B6E-9E29-46C4-B179-C9A43892B603}.Debug|Any CPU.ActiveCfg = Debug|Any CPU
		{0AFA2B6E-9E29-46C4-B179-C9A43892B603}.Debug|Any CPU.Build.0 = Debug|Any CPU
		{0AFA2B6E-9E29-46C4-B179-C9A43892B603}.Release|Any CPU.ActiveCfg = Release|Any CPU
		{0AFA2B6E-9E29-46C4-B179-C9A43892B603}.Release|Any CPU.Build.0 = Release|Any CPU
		{A6AE84FF-9DF2-4C5F-9FFD-A29CDC5C3AD7}.Debug|Any CPU.ActiveCfg = Debug|Any CPU
		{A6AE84FF-9DF2-4C5F-9FFD-A29CDC5C3AD7}.Debug|Any CPU.Build.0 = Debug|Any CPU
		{A6AE84FF-9DF2-4C5F-9FFD-A29CDC5C3AD7}.Release|Any CPU.ActiveCfg = Release|Any CPU
		{A6AE84FF-9DF2-4C5F-9FFD-A29CDC5C3AD7}.Release|Any CPU.Build.0 = Release|Any CPU
		{A22D1AD4-BC57-4EC9-9181-27F02DFDDD27}.Debug|Any CPU.ActiveCfg = Debug|Any CPU
		{A22D1AD4-BC57-4EC9-9181-27F02DFDDD27}.Debug|Any CPU.Build.0 = Debug|Any CPU
		{A22D1AD4-BC57-4EC9-9181-27F02DFDDD27}.Release|Any CPU.ActiveCfg = Release|Any CPU
		{A22D1AD4-BC57-4EC9-9181-27F02DFDDD27}.Release|Any CPU.Build.0 = Release|Any CPU
		{A8FDF473-2138-4477-A7B6-9B71410958C5}.Debug|Any CPU.ActiveCfg = Debug|Any CPU
		{A8FDF473-2138-4477-A7B6-9B71410958C5}.Debug|Any CPU.Build.0 = Debug|Any CPU
		{A8FDF473-2138-4477-A7B6-9B71410958C5}.Release|Any CPU.ActiveCfg = Release|Any CPU
		{A8FDF473-2138-4477-A7B6-9B71410958C5}.Release|Any CPU.Build.0 = Release|Any CPU
		{FE270F61-0066-470E-946A-0CC45F09FA2E}.Debug|Any CPU.ActiveCfg = Debug|Any CPU
		{FE270F61-0066-470E-946A-0CC45F09FA2E}.Debug|Any CPU.Build.0 = Debug|Any CPU
		{FE270F61-0066-470E-946A-0CC45F09FA2E}.Release|Any CPU.ActiveCfg = Release|Any CPU
		{FE270F61-0066-470E-946A-0CC45F09FA2E}.Release|Any CPU.Build.0 = Release|Any CPU
		{58CE1C09-7DED-48DA-8368-85361D583BB7}.Debug|Any CPU.ActiveCfg = Debug|Any CPU
		{58CE1C09-7DED-48DA-8368-85361D583BB7}.Debug|Any CPU.Build.0 = Debug|Any CPU
		{58CE1C09-7DED-48DA-8368-85361D583BB7}.Release|Any CPU.ActiveCfg = Release|Any CPU
		{58CE1C09-7DED-48DA-8368-85361D583BB7}.Release|Any CPU.Build.0 = Release|Any CPU
		{AB0EFCB3-302C-4215-8076-E85D0C243DEF}.Debug|Any CPU.ActiveCfg = Debug|Any CPU
		{AB0EFCB3-302C-4215-8076-E85D0C243DEF}.Debug|Any CPU.Build.0 = Debug|Any CPU
		{AB0EFCB3-302C-4215-8076-E85D0C243DEF}.Release|Any CPU.ActiveCfg = Release|Any CPU
		{AB0EFCB3-302C-4215-8076-E85D0C243DEF}.Release|Any CPU.Build.0 = Release|Any CPU
		{95340D7F-5A1C-4618-92DA-0D9D46CB899F}.Debug|Any CPU.ActiveCfg = Debug|Any CPU
		{95340D7F-5A1C-4618-92DA-0D9D46CB899F}.Debug|Any CPU.Build.0 = Debug|Any CPU
		{95340D7F-5A1C-4618-92DA-0D9D46CB899F}.Release|Any CPU.ActiveCfg = Release|Any CPU
		{95340D7F-5A1C-4618-92DA-0D9D46CB899F}.Release|Any CPU.Build.0 = Release|Any CPU
	EndGlobalSection
	GlobalSection(SolutionProperties) = preSolution
		HideSolutionNode = FALSE
	EndGlobalSection
	GlobalSection(ExtensibilityGlobals) = postSolution
		SolutionGuid = {65EC2F43-6FD5-4038-9F33-94EEB74D6904}
	EndGlobalSection
EndGlobal
