
Microsoft Visual Studio Solution File, Format Version 12.00
# Visual Studio 15
VisualStudioVersion = 15.0.28010.2050
MinimumVisualStudioVersion = 10.0.40219.1
Project("{9A19103F-16F7-4668-BE54-9A1E7A4F7556}") = "Day1", "Day1\Day1.csproj", "{80087B97-F816-495C-A1DA-A12C7C513CA9}"
EndProject
Project("{9A19103F-16F7-4668-BE54-9A1E7A4F7556}") = "Day2", "Day2\Day2.csproj", "{3F3E11F0-18E9-41A0-999F-2D840AFBB322}"
EndProject
Project("{9A19103F-16F7-4668-BE54-9A1E7A4F7556}") = "Day3", "Day3\Day3.csproj", "{F47909E8-D5CA-4C4B-B44D-6542B371D5E8}"
EndProject
Project("{9A19103F-16F7-4668-BE54-9A1E7A4F7556}") = "Day4", "Day4\Day4.csproj", "{1E1AE40C-4A0C-4B39-A170-7127DB1E0056}"
EndProject
Project("{9A19103F-16F7-4668-BE54-9A1E7A4F7556}") = "Day5", "Day5\Day5.csproj", "{CB3C5786-0A23-496E-82F1-9DDDB42F94C3}"
EndProject
Project("{2150E333-8FDC-42A3-9474-1A3956D46DE8}") = "Solution Items", "Solution Items", "{A7AD26E1-3B70-4FBA-944E-0F5C484A5F29}"
	ProjectSection(SolutionItems) = preProject
		README.md = README.md
	EndProjectSection
EndProject
Project("{9A19103F-16F7-4668-BE54-9A1E7A4F7556}") = "Day6", "Day6\Day6.csproj", "{CD99782A-9AD9-48DA-A434-49B947A0F1BD}"
EndProject
Project("{9A19103F-16F7-4668-BE54-9A1E7A4F7556}") = "Day7", "Day7\Day7.csproj", "{D6E15EB4-AC82-4B9F-B405-9C2EF3C47576}"
EndProject
Project("{9A19103F-16F7-4668-BE54-9A1E7A4F7556}") = "Day8", "Day8\Day8.csproj", "{1C25C6C5-64EA-468B-B3AA-CA8C2C4A6787}"
EndProject
Project("{9A19103F-16F7-4668-BE54-9A1E7A4F7556}") = "Day9", "Day9\Day9.csproj", "{AF9051F3-55B7-4861-ACEE-5FD34BCF58F8}"
EndProject
Project("{9A19103F-16F7-4668-BE54-9A1E7A4F7556}") = "Day10", "Day10\Day10.csproj", "{F5EE348D-D0CD-4A72-9942-8CA66E337D40}"
EndProject
Project("{9A19103F-16F7-4668-BE54-9A1E7A4F7556}") = "Day11", "Day11\Day11.csproj", "{5234D71C-0002-46BB-8DCD-663362D33356}"
EndProject
Project("{9A19103F-16F7-4668-BE54-9A1E7A4F7556}") = "Day12", "Day12\Day12.csproj", "{BB14124F-C10E-4D46-A5A9-A05C56DBA05C}"
EndProject
Project("{9A19103F-16F7-4668-BE54-9A1E7A4F7556}") = "Day13", "Day13\Day13.csproj", "{061B2237-195D-43CC-9FA1-2231661E4502}"
EndProject
Project("{F184B08F-C81C-45F6-A57F-5ABD9991F28F}") = "Day13VB", "Day13VB\Day13VB.vbproj", "{AA4BADC5-0F62-4D29-8AD9-289F9F97A60E}"
EndProject
Global
	GlobalSection(SolutionConfigurationPlatforms) = preSolution
		Debug|Any CPU = Debug|Any CPU
		Release|Any CPU = Release|Any CPU
	EndGlobalSection
	GlobalSection(ProjectConfigurationPlatforms) = postSolution
		{80087B97-F816-495C-A1DA-A12C7C513CA9}.Debug|Any CPU.ActiveCfg = Debug|Any CPU
		{80087B97-F816-495C-A1DA-A12C7C513CA9}.Debug|Any CPU.Build.0 = Debug|Any CPU
		{80087B97-F816-495C-A1DA-A12C7C513CA9}.Release|Any CPU.ActiveCfg = Release|Any CPU
		{80087B97-F816-495C-A1DA-A12C7C513CA9}.Release|Any CPU.Build.0 = Release|Any CPU
		{3F3E11F0-18E9-41A0-999F-2D840AFBB322}.Debug|Any CPU.ActiveCfg = Debug|Any CPU
		{3F3E11F0-18E9-41A0-999F-2D840AFBB322}.Debug|Any CPU.Build.0 = Debug|Any CPU
		{3F3E11F0-18E9-41A0-999F-2D840AFBB322}.Release|Any CPU.ActiveCfg = Release|Any CPU
		{3F3E11F0-18E9-41A0-999F-2D840AFBB322}.Release|Any CPU.Build.0 = Release|Any CPU
		{F47909E8-D5CA-4C4B-B44D-6542B371D5E8}.Debug|Any CPU.ActiveCfg = Debug|Any CPU
		{F47909E8-D5CA-4C4B-B44D-6542B371D5E8}.Debug|Any CPU.Build.0 = Debug|Any CPU
		{F47909E8-D5CA-4C4B-B44D-6542B371D5E8}.Release|Any CPU.ActiveCfg = Release|Any CPU
		{F47909E8-D5CA-4C4B-B44D-6542B371D5E8}.Release|Any CPU.Build.0 = Release|Any CPU
		{1E1AE40C-4A0C-4B39-A170-7127DB1E0056}.Debug|Any CPU.ActiveCfg = Debug|Any CPU
		{1E1AE40C-4A0C-4B39-A170-7127DB1E0056}.Debug|Any CPU.Build.0 = Debug|Any CPU
		{1E1AE40C-4A0C-4B39-A170-7127DB1E0056}.Release|Any CPU.ActiveCfg = Release|Any CPU
		{1E1AE40C-4A0C-4B39-A170-7127DB1E0056}.Release|Any CPU.Build.0 = Release|Any CPU
		{CB3C5786-0A23-496E-82F1-9DDDB42F94C3}.Debug|Any CPU.ActiveCfg = Debug|Any CPU
		{CB3C5786-0A23-496E-82F1-9DDDB42F94C3}.Debug|Any CPU.Build.0 = Debug|Any CPU
		{CB3C5786-0A23-496E-82F1-9DDDB42F94C3}.Release|Any CPU.ActiveCfg = Release|Any CPU
		{CB3C5786-0A23-496E-82F1-9DDDB42F94C3}.Release|Any CPU.Build.0 = Release|Any CPU
		{CD99782A-9AD9-48DA-A434-49B947A0F1BD}.Debug|Any CPU.ActiveCfg = Debug|Any CPU
		{CD99782A-9AD9-48DA-A434-49B947A0F1BD}.Debug|Any CPU.Build.0 = Debug|Any CPU
		{CD99782A-9AD9-48DA-A434-49B947A0F1BD}.Release|Any CPU.ActiveCfg = Release|Any CPU
		{CD99782A-9AD9-48DA-A434-49B947A0F1BD}.Release|Any CPU.Build.0 = Release|Any CPU
		{D6E15EB4-AC82-4B9F-B405-9C2EF3C47576}.Debug|Any CPU.ActiveCfg = Debug|Any CPU
		{D6E15EB4-AC82-4B9F-B405-9C2EF3C47576}.Debug|Any CPU.Build.0 = Debug|Any CPU
		{D6E15EB4-AC82-4B9F-B405-9C2EF3C47576}.Release|Any CPU.ActiveCfg = Release|Any CPU
		{D6E15EB4-AC82-4B9F-B405-9C2EF3C47576}.Release|Any CPU.Build.0 = Release|Any CPU
		{1C25C6C5-64EA-468B-B3AA-CA8C2C4A6787}.Debug|Any CPU.ActiveCfg = Debug|Any CPU
		{1C25C6C5-64EA-468B-B3AA-CA8C2C4A6787}.Debug|Any CPU.Build.0 = Debug|Any CPU
		{1C25C6C5-64EA-468B-B3AA-CA8C2C4A6787}.Release|Any CPU.ActiveCfg = Release|Any CPU
		{1C25C6C5-64EA-468B-B3AA-CA8C2C4A6787}.Release|Any CPU.Build.0 = Release|Any CPU
		{AF9051F3-55B7-4861-ACEE-5FD34BCF58F8}.Debug|Any CPU.ActiveCfg = Debug|Any CPU
		{AF9051F3-55B7-4861-ACEE-5FD34BCF58F8}.Debug|Any CPU.Build.0 = Debug|Any CPU
		{AF9051F3-55B7-4861-ACEE-5FD34BCF58F8}.Release|Any CPU.ActiveCfg = Release|Any CPU
		{AF9051F3-55B7-4861-ACEE-5FD34BCF58F8}.Release|Any CPU.Build.0 = Release|Any CPU
		{F5EE348D-D0CD-4A72-9942-8CA66E337D40}.Debug|Any CPU.ActiveCfg = Debug|Any CPU
		{F5EE348D-D0CD-4A72-9942-8CA66E337D40}.Debug|Any CPU.Build.0 = Debug|Any CPU
		{F5EE348D-D0CD-4A72-9942-8CA66E337D40}.Release|Any CPU.ActiveCfg = Release|Any CPU
		{F5EE348D-D0CD-4A72-9942-8CA66E337D40}.Release|Any CPU.Build.0 = Release|Any CPU
		{5234D71C-0002-46BB-8DCD-663362D33356}.Debug|Any CPU.ActiveCfg = Debug|Any CPU
		{5234D71C-0002-46BB-8DCD-663362D33356}.Debug|Any CPU.Build.0 = Debug|Any CPU
		{5234D71C-0002-46BB-8DCD-663362D33356}.Release|Any CPU.ActiveCfg = Release|Any CPU
		{5234D71C-0002-46BB-8DCD-663362D33356}.Release|Any CPU.Build.0 = Release|Any CPU
		{BB14124F-C10E-4D46-A5A9-A05C56DBA05C}.Debug|Any CPU.ActiveCfg = Debug|Any CPU
		{BB14124F-C10E-4D46-A5A9-A05C56DBA05C}.Debug|Any CPU.Build.0 = Debug|Any CPU
		{BB14124F-C10E-4D46-A5A9-A05C56DBA05C}.Release|Any CPU.ActiveCfg = Release|Any CPU
		{BB14124F-C10E-4D46-A5A9-A05C56DBA05C}.Release|Any CPU.Build.0 = Release|Any CPU
		{061B2237-195D-43CC-9FA1-2231661E4502}.Debug|Any CPU.ActiveCfg = Debug|Any CPU
		{061B2237-195D-43CC-9FA1-2231661E4502}.Debug|Any CPU.Build.0 = Debug|Any CPU
		{061B2237-195D-43CC-9FA1-2231661E4502}.Release|Any CPU.ActiveCfg = Release|Any CPU
		{061B2237-195D-43CC-9FA1-2231661E4502}.Release|Any CPU.Build.0 = Release|Any CPU
		{AA4BADC5-0F62-4D29-8AD9-289F9F97A60E}.Debug|Any CPU.ActiveCfg = Debug|Any CPU
		{AA4BADC5-0F62-4D29-8AD9-289F9F97A60E}.Debug|Any CPU.Build.0 = Debug|Any CPU
		{AA4BADC5-0F62-4D29-8AD9-289F9F97A60E}.Release|Any CPU.ActiveCfg = Release|Any CPU
		{AA4BADC5-0F62-4D29-8AD9-289F9F97A60E}.Release|Any CPU.Build.0 = Release|Any CPU
	EndGlobalSection
	GlobalSection(SolutionProperties) = preSolution
		HideSolutionNode = FALSE
	EndGlobalSection
	GlobalSection(ExtensibilityGlobals) = postSolution
		SolutionGuid = {65EC2F43-6FD5-4038-9F33-94EEB74D6904}
	EndGlobalSection
EndGlobal
